[root]
name = "tcp_server"
version = "0.1.0"
dependencies = [
 "daemonize 0.2.3 (registry+https://github.com/rust-lang/crates.io-index)",
]

[[package]]
name = "daemonize"
version = "0.2.3"
source = "registry+https://github.com/rust-lang/crates.io-index"
dependencies = [
 "libc 0.2.23 (registry+https://github.com/rust-lang/crates.io-index)",
]

[[package]]
name = "libc"
version = "0.2.23"
source = "registry+https://github.com/rust-lang/crates.io-index"

[metadata]
"checksum daemonize 0.2.3 (registry+https://github.com/rust-lang/crates.io-index)" = "0239832c1b4ca406d5ec73728cf4c7336d25cf85dd32db9e047e9e706ee0e935"
"checksum libc 0.2.23 (registry+https://github.com/rust-lang/crates.io-index)" = "e7eb6b826bfc1fdea7935d46556250d1799b7fe2d9f7951071f4291710665e3e"
